# THIS IS AN AUTOGENERATED FILE. DO NOT EDIT THIS FILE DIRECTLY.
# yarn lockfile v1


cookie@^1.0.1:
  version "1.0.2"
  resolved "https://registry.yarnpkg.com/cookie/-/cookie-1.0.2.tgz#27360701532116bd3f1f9416929d176afe1e4610"
  integrity sha512-9Kr/j4O16ISv8zBBhJoi4bXOYNTkFLOqSL3UDB0njXxCXNezjeyVrJyGOWtgfs/q2km1gwBcfH8q1yEGoMYunA==

react-router-dom@^7.9.3:
  version "7.9.3"
  resolved "https://registry.yarnpkg.com/react-router-dom/-/react-router-dom-7.9.3.tgz#67ab1655f67b9b6108fe20ed3d4881b53dccf87a"
  integrity sha512-1QSbA0TGGFKTAc/aWjpfW/zoEukYfU4dc1dLkT/vvf54JoGMkW+fNA+3oyo2gWVW1GM7BxjJVHz5GnPJv40rvg==
  dependencies:
    react-router "7.9.3"

react-router@7.9.3:
  version "7.9.3"
  resolved "https://registry.yarnpkg.com/react-router/-/react-router-7.9.3.tgz#f2d5ff6181851de3df3acb4e7364fce0dee5fba2"
  integrity sha512-4o2iWCFIwhI/eYAIL43+cjORXYn/aRQPgtFRRZb3VzoyQ5Uej0Bmqj7437L97N9NJW4wnicSwLOLS+yCXfAPgg==
  dependencies:
    cookie "^1.0.1"
    set-cookie-parser "^2.6.0"

set-cookie-parser@^2.6.0:
  version "2.7.1"
  resolved "https://registry.yarnpkg.com/set-cookie-parser/-/set-cookie-parser-2.7.1.tgz#3016f150072202dfbe90fadee053573cc89d2943"
  integrity sha512-IOc8uWeOZgnb3ptbCURJWNjWUPcO3ZnTTdzsurqERrP6nPyv+paC55vJM0LpOlT2ne+Ix+9+CRG1MNLlyZ4GjQ==
